PODS:
  - Alamofire (5.6.1)
  - Analytics (4.1.8)
  - complycube (0.0.1):
    - ComplyCubeMobileSDK (= 0.0.15)
    - Flutter
  - ComplyCubeMobileSDK (0.0.15):
    - Alamofire (= 5.6.1)
    - Analytics (~> 4.1)
    - JGProgressHUD (= 2.1)
    - JWTDecode (~> 2.6.3)
    - Sentry (= 7.5.0)
    - SwiftyJSON (= 4.0)
  - Flutter (1.0.0)
  - integration_test (0.0.1):
    - Flutter
  - JGProgressHUD (2.1)
  - JWTDecode (2.6.3)
  - Sentry (7.5.0):
    - Sentry/Core (= 7.5.0)
  - Sentry/Core (7.5.0)
  - SwiftyJSON (4.0.0)

DEPENDENCIES:
  - complycube (from `.symlinks/plugins/complycube/ios`)
  - Flutter (from `Flutter`)
  - integration_test (from `.symlinks/plugins/integration_test/ios`)

SPEC REPOS:
  https://complycuberepo.jfrog.io/artifactory/api/pods/cc-cocoapods-release-local:
    - ComplyCubeMobileSDK
  trunk:
    - Alamofire
    - Analytics
    - JGProgressHUD
    - JWTDecode
    - Sentry
    - SwiftyJSON

EXTERNAL SOURCES:
  complycube:
    :path: ".symlinks/plugins/complycube/ios"
  Flutter:
    :path: Flutter
  integration_test:
    :path: ".symlinks/plugins/integration_test/ios"

SPEC CHECKSUMS:
  Alamofire: 87bd8c952f9a4454320fce00d9cc3de57bcadaf5
  Analytics: 9655e0e1c71ea98107cfcb2b14891168acc6c6c9
  complycube: 4306bc41d2d4e981a7040ec935e41c1a575481ee
  ComplyCubeMobileSDK: 576226aa08061f8124ebf87729a44c9d2ebc656d
  Flutter: f04841e97a9d0b0a8025694d0796dd46242b2854
  integration_test: 13825b8a9334a850581300559b8839134b124670
  JGProgressHUD: aa403e9a5b45cae98903c4600cccdd98c0c3ec90
  JWTDecode: 33e5e26e5ddbd21b2065820894c08fef0cad9509
  Sentry: e9d74832ee2f49de8e0d358b89241047c706423e
  SwiftyJSON: 070dabdcb1beb81b247c65ffa3a79dbbfb3b48aa

PODFILE CHECKSUM: 2c5d8012f662bf91792d180fd3bc7be533670165

COCOAPODS: 1.13.0
